// !$*UTF8*$!
{
	archiveVersion = 1;
	classes = {
	};
	objectVersion = 46;
	objects = {

/* Begin PBXBuildFile section */
		04DEC60715A897B80034CA79 /* UIKit.framework in Frameworks */ = {isa = PBXBuildFile; fileRef = 04DEC60615A897B70034CA79 /* UIKit.framework */; };
		04DEC60915A897B80034CA79 /* Foundation.framework in Frameworks */ = {isa = PBXBuildFile; fileRef = 04DEC60815A897B80034CA79 /* Foundation.framework */; };
		04DEC60B15A897B80034CA79 /* CoreGraphics.framework in Frameworks */ = {isa = PBXBuildFile; fileRef = 04DEC60A15A897B80034CA79 /* CoreGraphics.framework */; };
		04DEC61115A897B80034CA79 /* InfoPlist.strings in Resources */ = {isa = PBXBuildFile; fileRef = 04DEC60F15A897B80034CA79 /* InfoPlist.strings */; };
		04DEC61315A897B80034CA79 /* main.m in Sources */ = {isa = PBXBuildFile; fileRef = 04DEC61215A897B80034CA79 /* main.m */; };
		04DEC61715A897B80034CA79 /* AppDelegate.m in Sources */ = {isa = PBXBuildFile; fileRef = 04DEC61615A897B80034CA79 /* AppDelegate.m */; };
		04DEC61A15A897B80034CA79 /* ViewController.m in Sources */ = {isa = PBXBuildFile; fileRef = 04DEC61915A897B80034CA79 /* ViewController.m */; };
		04DEC61D15A897B80034CA79 /* ViewController_iPhone.xib in Resources */ = {isa = PBXBuildFile; fileRef = 04DEC61B15A897B80034CA79 /* ViewController_iPhone.xib */; };
		04DEC62015A897B80034CA79 /* ViewController_iPad.xib in Resources */ = {isa = PBXBuildFile; fileRef = 04DEC61E15A897B80034CA79 /* ViewController_iPad.xib */; };
		04DEC62915A8988A0034CA79 /* DWTagList.m in Sources */ = {isa = PBXBuildFile; fileRef = 04DEC62815A8988A0034CA79 /* DWTagList.m */; };
		04DEC62B15A898EF0034CA79 /* QuartzCore.framework in Frameworks */ = {isa = PBXBuildFile; fileRef = 04DEC62A15A898EF0034CA79 /* QuartzCore.framework */; };
/* End PBXBuildFile section */

/* Begin PBXFileReference section */
		04DEC60215A897B70034CA79 /* DWTagList.app */ = {isa = PBXFileReference; explicitFileType = wrapper.application; includeInIndex = 0; path = DWTagList.app; sourceTree = BUILT_PRODUCTS_DIR; };
		04DEC60615A897B70034CA79 /* UIKit.framework */ = {isa = PBXFileReference; lastKnownFileType = wrapper.framework; name = UIKit.framework; path = System/Library/Frameworks/UIKit.framework; sourceTree = SDKROOT; };
		04DEC60815A897B80034CA79 /* Foundation.framework */ = {isa = PBXFileReference; lastKnownFileType = wrapper.framework; name = Foundation.framework; path = System/Library/Frameworks/Foundation.framework; sourceTree = SDKROOT; };
		04DEC60A15A897B80034CA79 /* CoreGraphics.framework */ = {isa = PBXFileReference; lastKnownFileType = wrapper.framework; name = CoreGraphics.framework; path = System/Library/Frameworks/CoreGraphics.framework; sourceTree = SDKROOT; };
		04DEC60E15A897B80034CA79 /* DWTagList-Info.plist */ = {isa = PBXFileReference; lastKnownFileType = text.plist.xml; path = "DWTagList-Info.plist"; sourceTree = "<group>"; };
		04DEC61015A897B80034CA79 /* en */ = {isa = PBXFileReference; lastKnownFileType = text.plist.strings; name = en; path = en.lproj/InfoPlist.strings; sourceTree = "<group>"; };
		04DEC61215A897B80034CA79 /* main.m */ = {isa = PBXFileReference; lastKnownFileType = sourcecode.c.objc; path = main.m; sourceTree = "<group>"; };
		04DEC61415A897B80034CA79 /* DWTagList-Prefix.pch */ = {isa = PBXFileReference; lastKnownFileType = sourcecode.c.h; path = "DWTagList-Prefix.pch"; sourceTree = "<group>"; };
		04DEC61515A897B80034CA79 /* AppDelegate.h */ = {isa = PBXFileReference; lastKnownFileType = sourcecode.c.h; path = AppDelegate.h; sourceTree = "<group>"; };
		04DEC61615A897B80034CA79 /* AppDelegate.m */ = {isa = PBXFileReference; lastKnownFileType = sourcecode.c.objc; path = AppDelegate.m; sourceTree = "<group>"; };
		04DEC61815A897B80034CA79 /* ViewController.h */ = {isa = PBXFileReference; lastKnownFileType = sourcecode.c.h; path = ViewController.h; sourceTree = "<group>"; };
		04DEC61915A897B80034CA79 /* ViewController.m */ = {isa = PBXFileReference; lastKnownFileType = sourcecode.c.objc; path = ViewController.m; sourceTree = "<group>"; };
		04DEC61C15A897B80034CA79 /* en */ = {isa = PBXFileReference; lastKnownFileType = file.xib; name = en; path = en.lproj/ViewController_iPhone.xib; sourceTree = "<group>"; };
		04DEC61F15A897B80034CA79 /* en */ = {isa = PBXFileReference; lastKnownFileType = file.xib; name = en; path = en.lproj/ViewController_iPad.xib; sourceTree = "<group>"; };
		04DEC62715A8988A0034CA79 /* DWTagList.h */ = {isa = PBXFileReference; fileEncoding = 4; lastKnownFileType = sourcecode.c.h; path = DWTagList.h; sourceTree = "<group>"; };
		04DEC62815A8988A0034CA79 /* DWTagList.m */ = {isa = PBXFileReference; fileEncoding = 4; lastKnownFileType = sourcecode.c.objc; path = DWTagList.m; sourceTree = "<group>"; };
		04DEC62A15A898EF0034CA79 /* QuartzCore.framework */ = {isa = PBXFileReference; lastKnownFileType = wrapper.framework; name = QuartzCore.framework; path = System/Library/Frameworks/QuartzCore.framework; sourceTree = SDKROOT; };
/* End PBXFileReference section */

/* Begin PBXFrameworksBuildPhase section */
		04DEC5FF15A897B70034CA79 /* Frameworks */ = {
			isa = PBXFrameworksBuildPhase;
			buildActionMask = 2147483647;
			files = (
				04DEC62B15A898EF0034CA79 /* QuartzCore.framework in Frameworks */,
				04DEC60715A897B80034CA79 /* UIKit.framework in Frameworks */,
				04DEC60915A897B80034CA79 /* Foundation.framework in Frameworks */,
				04DEC60B15A897B80034CA79 /* CoreGraphics.framework in Frameworks */,
			);
			runOnlyForDeploymentPostprocessing = 0;
		};
/* End PBXFrameworksBuildPhase section */

/* Begin PBXGroup section */
		04DEC5F715A897B70034CA79 = {
			isa = PBXGroup;
			children = (
				04DEC60C15A897B80034CA79 /* DWTagList */,
				04DEC60515A897B70034CA79 /* Frameworks */,
				04DEC60315A897B70034CA79 /* Products */,
			);
			sourceTree = "<group>";
		};
		04DEC60315A897B70034CA79 /* Products */ = {
			isa = PBXGroup;
			children = (
				04DEC60215A897B70034CA79 /* DWTagList.app */,
			);
			name = Products;
			sourceTree = "<group>";
		};
		04DEC60515A897B70034CA79 /* Frameworks */ = {
			isa = PBXGroup;
			children = (
				04DEC62A15A898EF0034CA79 /* QuartzCore.framework */,
				04DEC60615A897B70034CA79 /* UIKit.framework */,
				04DEC60815A897B80034CA79 /* Foundation.framework */,
				04DEC60A15A897B80034CA79 /* CoreGraphics.framework */,
			);
			name = Frameworks;
			sourceTree = "<group>";
		};
		04DEC60C15A897B80034CA79 /* DWTagList */ = {
			isa = PBXGroup;
			children = (
				04DEC62615A8988A0034CA79 /* Classes */,
				04DEC61515A897B80034CA79 /* AppDelegate.h */,
				04DEC61615A897B80034CA79 /* AppDelegate.m */,
				04DEC61815A897B80034CA79 /* ViewController.h */,
				04DEC61915A897B80034CA79 /* ViewController.m */,
				04DEC61B15A897B80034CA79 /* ViewController_iPhone.xib */,
				04DEC61E15A897B80034CA79 /* ViewController_iPad.xib */,
				04DEC60D15A897B80034CA79 /* Supporting Files */,
			);
			path = DWTagList;
			sourceTree = "<group>";
		};
		04DEC60D15A897B80034CA79 /* Supporting Files */ = {
			isa = PBXGroup;
			children = (
				04DEC60E15A897B80034CA79 /* DWTagList-Info.plist */,
				04DEC60F15A897B80034CA79 /* InfoPlist.strings */,
				04DEC61215A897B80034CA79 /* main.m */,
				04DEC61415A897B80034CA79 /* DWTagList-Prefix.pch */,
			);
			name = "Supporting Files";
			sourceTree = "<group>";
		};
		04DEC62615A8988A0034CA79 /* Classes */ = {
			isa = PBXGroup;
			children = (
				04DEC62715A8988A0034CA79 /* DWTagList.h */,
				04DEC62815A8988A0034CA79 /* DWTagList.m */,
			);
			path = Classes;
			sourceTree = "<group>";
		};
/* End PBXGroup section */

/* Begin PBXNativeTarget section */
		04DEC60115A897B70034CA79 /* DWTagList */ = {
			isa = PBXNativeTarget;
			buildConfigurationList = 04DEC62315A897B80034CA79 /* Build configuration list for PBXNativeTarget "DWTagList" */;
			buildPhases = (
				04DEC5FE15A897B70034CA79 /* Sources */,
				04DEC5FF15A897B70034CA79 /* Frameworks */,
				04DEC60015A897B70034CA79 /* Resources */,
			);
			buildRules = (
			);
			dependencies = (
			);
			name = DWTagList;
			productName = DWTagList;
			productReference = 04DEC60215A897B70034CA79 /* DWTagList.app */;
			productType = "com.apple.product-type.application";
		};
/* End PBXNativeTarget section */

/* Begin PBXProject section */
		04DEC5F915A897B70034CA79 /* Project object */ = {
			isa = PBXProject;
			attributes = {
				LastUpgradeCheck = 0460;
				ORGANIZATIONNAME = "Terracoding LTD";
			};
			buildConfigurationList = 04DEC5FC15A897B70034CA79 /* Build configuration list for PBXProject "DWTagList" */;
			compatibilityVersion = "Xcode 3.2";
			developmentRegion = English;
			hasScannedForEncodings = 0;
			knownRegions = (
				en,
			);
			mainGroup = 04DEC5F715A897B70034CA79;
			productRefGroup = 04DEC60315A897B70034CA79 /* Products */;
			projectDirPath = "";
			projectRoot = "";
			targets = (
				04DEC60115A897B70034CA79 /* DWTagList */,
			);
		};
/* End PBXProject section */

/* Begin PBXResourcesBuildPhase section */
		04DEC60015A897B70034CA79 /* Resources */ = {
			isa = PBXResourcesBuildPhase;
			buildActionMask = 2147483647;
			files = (
				04DEC61115A897B80034CA79 /* InfoPlist.strings in Resources */,
				04DEC61D15A897B80034CA79 /* ViewController_iPhone.xib in Resources */,
				04DEC62015A897B80034CA79 /* ViewController_iPad.xib in Resources */,
			);
			runOnlyForDeploymentPostprocessing = 0;
		};
/* End PBXResourcesBuildPhase section */

/* Begin PBXSourcesBuildPhase section */
		04DEC5FE15A897B70034CA79 /* Sources */ = {
			isa = PBXSourcesBuildPhase;
			buildActionMask = 2147483647;
			files = (
				04DEC61315A897B80034CA79 /* main.m in Sources */,
				04DEC61715A897B80034CA79 /* AppDelegate.m in Sources */,
				04DEC61A15A897B80034CA79 /* ViewController.m in Sources */,
				04DEC62915A8988A0034CA79 /* DWTagList.m in Sources */,
			);
			runOnlyForDeploymentPostprocessing = 0;
		};
/* End PBXSourcesBuildPhase section */

/* Begin PBXVariantGroup section */
		04DEC60F15A897B80034CA79 /* InfoPlist.strings */ = {
			isa = PBXVariantGroup;
			children = (
				04DEC61015A897B80034CA79 /* en */,
			);
			name = InfoPlist.strings;
			sourceTree = "<group>";
		};
		04DEC61B15A897B80034CA79 /* ViewController_iPhone.xib */ = {
			isa = PBXVariantGroup;
			children = (
				04DEC61C15A897B80034CA79 /* en */,
			);
			name = ViewController_iPhone.xib;
			sourceTree = "<group>";
		};
		04DEC61E15A897B80034CA79 /* ViewController_iPad.xib */ = {
			isa = PBXVariantGroup;
			children = (
				04DEC61F15A897B80034CA79 /* en */,
			);
			name = ViewController_iPad.xib;
			sourceTree = "<group>";
		};
/* End PBXVariantGroup section */

/* Begin XCBuildConfiguration section */
		04DEC62115A897B80034CA79 /* Debug */ = {
			isa = XCBuildConfiguration;
			buildSettings = {
				ALWAYS_SEARCH_USER_PATHS = NO;
				ARCHS = "$(ARCHS_STANDARD_32_BIT)";
				CLANG_ENABLE_OBJC_ARC = YES;
				CLANG_WARN_CONSTANT_CONVERSION = YES;
				CLANG_WARN_ENUM_CONVERSION = YES;
				CLANG_WARN_INT_CONVERSION = YES;
				CLANG_WARN__DUPLICATE_METHOD_MATCH = YES;
				"CODE_SIGN_IDENTITY[sdk=iphoneos*]" = "iPhone Developer";
				COPY_PHASE_STRIP = NO;
				GCC_C_LANGUAGE_STANDARD = gnu99;
				GCC_DYNAMIC_NO_PIC = NO;
				GCC_OPTIMIZATION_LEVEL = 0;
				GCC_PREPROCESSOR_DEFINITIONS = (
					"DEBUG=1",
					"$(inherited)",
				);
				GCC_SYMBOLS_PRIVATE_EXTERN = NO;
				GCC_VERSION = com.apple.compilers.llvm.clang.1_0;
				GCC_WARN_ABOUT_RETURN_TYPE = YES;
				GCC_WARN_UNINITIALIZED_AUTOS = YES;
				GCC_WARN_UNUSED_VARIABLE = YES;
				IPHONEOS_DEPLOYMENT_TARGET = 5.1;
				SDKROOT = iphoneos;
				TARGETED_DEVICE_FAMILY = "1,2";
			};
			name = Debug;
		};
		04DEC62215A897B80034CA79 /* Release */ = {
			isa = XCBuildConfiguration;
			buildSettings = {
				ALWAYS_SEARCH_USER_PATHS = NO;
				ARCHS = "$(ARCHS_STANDARD_32_BIT)";
				CLANG_ENABLE_OBJC_ARC = YES;
				CLANG_WARN_CONSTANT_CONVERSION = YES;
				CLANG_WARN_ENUM_CONVERSION = YES;
				CLANG_WARN_INT_CONVERSION = YES;
				CLANG_WARN__DUPLICATE_METHOD_MATCH = YES;
				"CODE_SIGN_IDENTITY[sdk=iphoneos*]" = "iPhone Developer";
				COPY_PHASE_STRIP = YES;
				GCC_C_LANGUAGE_STANDARD = gnu99;
				GCC_VERSION = com.apple.compilers.llvm.clang.1_0;
				GCC_WARN_ABOUT_RETURN_TYPE = YES;
				GCC_WARN_UNINITIALIZED_AUTOS = YES;
				GCC_WARN_UNUSED_VARIABLE = YES;
				IPHONEOS_DEPLOYMENT_TARGET = 5.1;
				OTHER_CFLAGS = "-DNS_BLOCK_ASSERTIONS=1";
				SDKROOT = iphoneos;
				TARGETED_DEVICE_FAMILY = "1,2";
				VALIDATE_PRODUCT = YES;
			};
			name = Release;
		};
		04DEC62415A897B80034CA79 /* Debug */ = {
			isa = XCBuildConfiguration;
			buildSettings = {
				GCC_PRECOMPILE_PREFIX_HEADER = YES;
				GCC_PREFIX_HEADER = "DWTagList/DWTagList-Prefix.pch";
				INFOPLIST_FILE = "DWTagList/DWTagList-Info.plist";
				PRODUCT_NAME = "$(TARGET_NAME)";
				WRAPPER_EXTENSION = app;
			};
			name = Debug;
		};
		04DEC62515A897B80034CA79 /* Release */ = {
			isa = XCBuildConfiguration;
			buildSettings = {
				GCC_PRECOMPILE_PREFIX_HEADER = YES;
				GCC_PREFIX_HEADER = "DWTagList/DWTagList-Prefix.pch";
				INFOPLIST_FILE = "DWTagList/DWTagList-Info.plist";
				PRODUCT_NAME = "$(TARGET_NAME)";
				WRAPPER_EXTENSION = app;
			};
			name = Release;
		};
/* End XCBuildConfiguration section */

/* Begin XCConfigurationList section */
		04DEC5FC15A897B70034CA79 /* Build configuration list for PBXProject "DWTagList" */ = {
			isa = XCConfigurationList;
			buildConfigurations = (
				04DEC62115A897B80034CA79 /* Debug */,
				04DEC62215A897B80034CA79 /* Release */,
			);
			defaultConfigurationIsVisible = 0;
			defaultConfigurationName = Release;
		};
		04DEC62315A897B80034CA79 /* Build configuration list for PBXNativeTarget "DWTagList" */ = {
			isa = XCConfigurationList;
			buildConfigurations = (
				04DEC62415A897B80034CA79 /* Debug */,
				04DEC62515A897B80034CA79 /* Release */,
			);
			defaultConfigurationIsVisible = 0;
			defaultConfigurationName = Release;
		};
/* End XCConfigurationList section */
	};
	rootObject = 04DEC5F915A897B70034CA79 /* Project object */;
}
